
Microsoft Visual Studio Solution File, Format Version 12.00
# Visual Studio 14
VisualStudioVersion = 14.0.25420.1
MinimumVisualStudioVersion = 10.0.40219.1
Project("{8BC9CEB8-8B4A-11D0-8D11-00A0C91BC942}") = "Prj01", "C:\Users\212\Desktop\Ch03\3-1\3-1.vcxproj", "{5D415B62-B8E7-430C-9C18-152F56704C2A}"
EndProject
Project("{8BC9CEB8-8B4A-11D0-8D11-00A0C91BC942}") = "Prj02", "C:\Users\212\Desktop\Ch03\3-2\3-2.vcxproj", "{C20200D0-139A-4D0F-B181-809A49F9850A}"
EndProject
Project("{8BC9CEB8-8B4A-11D0-8D11-00A0C91BC942}") = "Prj03", "C:\Users\212\Desktop\Ch03\3-3\3-3.vcxproj", "{593E4BBC-90B9-4D17-9A91-6929884FBC62}"
EndProject
Project("{8BC9CEB8-8B4A-11D0-8D11-00A0C91BC942}") = "Prj04", "C:\Users\212\Desktop\Ch03\3-4\3-4.vcxproj", "{F491120C-C489-4F46-8E03-6C1A0EDB4DD8}"
EndProject
Project("{8BC9CEB8-8B4A-11D0-8D11-00A0C91BC942}") = "Prj05", "C:\Users\212\Desktop\Ch03\3-5\3-5.vcxproj", "{2F1C6167-EB14-4B27-BCBC-8D8FC6F06472}"
EndProject
Project("{8BC9CEB8-8B4A-11D0-8D11-00A0C91BC942}") = "Prj06", "C:\Users\212\Desktop\Ch03\3-6\3-6.vcxproj", "{B407A508-9B40-4776-85AA-4495BC3ED692}"
EndProject
Project("{8BC9CEB8-8B4A-11D0-8D11-00A0C91BC942}") = "Prj07", "C:\Users\212\Desktop\Ch03\3-7\3-7.vcxproj", "{1DC6181F-152C-446C-B6CB-59EC13F93276}"
EndProject
Project("{8BC9CEB8-8B4A-11D0-8D11-00A0C91BC942}") = "Prj08", "C:\Users\212\Desktop\Ch03\3-8\3-8.vcxproj", "{8C1BA64F-DC70-4EE2-93E8-2D2ECA82F861}"
EndProject
Project("{8BC9CEB8-8B4A-11D0-8D11-00A0C91BC942}") = "Prj09", "C:\Users\212\Desktop\Ch03\3-9\3-9.vcxproj", "{44857C8F-9A0B-4EFE-A9FE-171D31DFB955}"
EndProject
Project("{8BC9CEB8-8B4A-11D0-8D11-00A0C91BC942}") = "Prj10", "C:\Users\212\Desktop\Ch03\3-10\3-10.vcxproj", "{38E45CE2-3E0B-4B0F-A3E0-C79E39AC50E3}"
EndProject
Project("{8BC9CEB8-8B4A-11D0-8D11-00A0C91BC942}") = "Prj11", "C:\Users\212\Desktop\Ch03\3-11\3-11.vcxproj", "{43D2EB2C-EE36-4DB8-962E-2EE5607CEE7E}"
EndProject
Project("{8BC9CEB8-8B4A-11D0-8D11-00A0C91BC942}") = "Prj12", "C:\Users\212\Desktop\Ch03\3-12\3-12.vcxproj", "{89B0FA18-4BA9-43D1-8EF3-EF5194D26399}"
EndProject
Project("{8BC9CEB8-8B4A-11D0-8D11-00A0C91BC942}") = "Prj13", "C:\Users\212\Desktop\Ch03\3-13\3-13.vcxproj", "{69C1209C-4748-4DE5-AD9F-6EA47D22B025}"
EndProject
Project("{8BC9CEB8-8B4A-11D0-8D11-00A0C91BC942}") = "Prj14", "C:\Users\212\Desktop\Ch03\3-14\3-14.vcxproj", "{80DA7A23-F66C-4EC2-A5DD-A438D665BE77}"
EndProject
Global
	GlobalSection(SolutionConfigurationPlatforms) = preSolution
		Debug|x64 = Debug|x64
		Debug|x86 = Debug|x86
		Release|x64 = Release|x64
		Release|x86 = Release|x86
	EndGlobalSection
	GlobalSection(ProjectConfigurationPlatforms) = postSolution
		{5D415B62-B8E7-430C-9C18-152F56704C2A}.Debug|x64.ActiveCfg = Debug|x64
		{5D415B62-B8E7-430C-9C18-152F56704C2A}.Debug|x64.Build.0 = Debug|x64
		{5D415B62-B8E7-430C-9C18-152F56704C2A}.Debug|x86.ActiveCfg = Debug|Win32
		{5D415B62-B8E7-430C-9C18-152F56704C2A}.Debug|x86.Build.0 = Debug|Win32
		{5D415B62-B8E7-430C-9C18-152F56704C2A}.Release|x64.ActiveCfg = Release|x64
		{5D415B62-B8E7-430C-9C18-152F56704C2A}.Release|x64.Build.0 = Release|x64
		{5D415B62-B8E7-430C-9C18-152F56704C2A}.Release|x86.ActiveCfg = Release|Win32
		{5D415B62-B8E7-430C-9C18-152F56704C2A}.Release|x86.Build.0 = Release|Win32
		{C20200D0-139A-4D0F-B181-809A49F9850A}.Debug|x64.ActiveCfg = Debug|x64
		{C20200D0-139A-4D0F-B181-809A49F9850A}.Debug|x64.Build.0 = Debug|x64
		{C20200D0-139A-4D0F-B181-809A49F9850A}.Debug|x86.ActiveCfg = Debug|Win32
		{C20200D0-139A-4D0F-B181-809A49F9850A}.Debug|x86.Build.0 = Debug|Win32
		{C20200D0-139A-4D0F-B181-809A49F9850A}.Release|x64.ActiveCfg = Release|x64
		{C20200D0-139A-4D0F-B181-809A49F9850A}.Release|x64.Build.0 = Release|x64
		{C20200D0-139A-4D0F-B181-809A49F9850A}.Release|x86.ActiveCfg = Release|Win32
		{C20200D0-139A-4D0F-B181-809A49F9850A}.Release|x86.Build.0 = Release|Win32
		{593E4BBC-90B9-4D17-9A91-6929884FBC62}.Debug|x64.ActiveCfg = Debug|x64
		{593E4BBC-90B9-4D17-9A91-6929884FBC62}.Debug|x64.Build.0 = Debug|x64
		{593E4BBC-90B9-4D17-9A91-6929884FBC62}.Debug|x86.ActiveCfg = Debug|Win32
		{593E4BBC-90B9-4D17-9A91-6929884FBC62}.Debug|x86.Build.0 = Debug|Win32
		{593E4BBC-90B9-4D17-9A91-6929884FBC62}.Release|x64.ActiveCfg = Release|x64
		{593E4BBC-90B9-4D17-9A91-6929884FBC62}.Release|x64.Build.0 = Release|x64
		{593E4BBC-90B9-4D17-9A91-6929884FBC62}.Release|x86.ActiveCfg = Release|Win32
		{593E4BBC-90B9-4D17-9A91-6929884FBC62}.Release|x86.Build.0 = Release|Win32
		{F491120C-C489-4F46-8E03-6C1A0EDB4DD8}.Debug|x64.ActiveCfg = Debug|x64
		{F491120C-C489-4F46-8E03-6C1A0EDB4DD8}.Debug|x64.Build.0 = Debug|x64
		{F491120C-C489-4F46-8E03-6C1A0EDB4DD8}.Debug|x86.ActiveCfg = Debug|Win32
		{F491120C-C489-4F46-8E03-6C1A0EDB4DD8}.Debug|x86.Build.0 = Debug|Win32
		{F491120C-C489-4F46-8E03-6C1A0EDB4DD8}.Release|x64.ActiveCfg = Release|x64
		{F491120C-C489-4F46-8E03-6C1A0EDB4DD8}.Release|x64.Build.0 = Release|x64
		{F491120C-C489-4F46-8E03-6C1A0EDB4DD8}.Release|x86.ActiveCfg = Release|Win32
		{F491120C-C489-4F46-8E03-6C1A0EDB4DD8}.Release|x86.Build.0 = Release|Win32
		{2F1C6167-EB14-4B27-BCBC-8D8FC6F06472}.Debug|x64.ActiveCfg = Debug|x64
		{2F1C6167-EB14-4B27-BCBC-8D8FC6F06472}.Debug|x64.Build.0 = Debug|x64
		{2F1C6167-EB14-4B27-BCBC-8D8FC6F06472}.Debug|x86.ActiveCfg = Debug|Win32
		{2F1C6167-EB14-4B27-BCBC-8D8FC6F06472}.Debug|x86.Build.0 = Debug|Win32
		{2F1C6167-EB14-4B27-BCBC-8D8FC6F06472}.Release|x64.ActiveCfg = Release|x64
		{2F1C6167-EB14-4B27-BCBC-8D8FC6F06472}.Release|x64.Build.0 = Release|x64
		{2F1C6167-EB14-4B27-BCBC-8D8FC6F06472}.Release|x86.ActiveCfg = Release|Win32
		{2F1C6167-EB14-4B27-BCBC-8D8FC6F06472}.Release|x86.Build.0 = Release|Win32
		{B407A508-9B40-4776-85AA-4495BC3ED692}.Debug|x64.ActiveCfg = Debug|x64
		{B407A508-9B40-4776-85AA-4495BC3ED692}.Debug|x64.Build.0 = Debug|x64
		{B407A508-9B40-4776-85AA-4495BC3ED692}.Debug|x86.ActiveCfg = Debug|Win32
		{B407A508-9B40-4776-85AA-4495BC3ED692}.Debug|x86.Build.0 = Debug|Win32
		{B407A508-9B40-4776-85AA-4495BC3ED692}.Release|x64.ActiveCfg = Release|x64
		{B407A508-9B40-4776-85AA-4495BC3ED692}.Release|x64.Build.0 = Release|x64
		{B407A508-9B40-4776-85AA-4495BC3ED692}.Release|x86.ActiveCfg = Release|Win32
		{B407A508-9B40-4776-85AA-4495BC3ED692}.Release|x86.Build.0 = Release|Win32
		{1DC6181F-152C-446C-B6CB-59EC13F93276}.Debug|x64.ActiveCfg = Debug|x64
		{1DC6181F-152C-446C-B6CB-59EC13F93276}.Debug|x64.Build.0 = Debug|x64
		{1DC6181F-152C-446C-B6CB-59EC13F93276}.Debug|x86.ActiveCfg = Debug|Win32
		{1DC6181F-152C-446C-B6CB-59EC13F93276}.Debug|x86.Build.0 = Debug|Win32
		{1DC6181F-152C-446C-B6CB-59EC13F93276}.Release|x64.ActiveCfg = Release|x64
		{1DC6181F-152C-446C-B6CB-59EC13F93276}.Release|x64.Build.0 = Release|x64
		{1DC6181F-152C-446C-B6CB-59EC13F93276}.Release|x86.ActiveCfg = Release|Win32
		{1DC6181F-152C-446C-B6CB-59EC13F93276}.Release|x86.Build.0 = Release|Win32
		{8C1BA64F-DC70-4EE2-93E8-2D2ECA82F861}.Debug|x64.ActiveCfg = Debug|x64
		{8C1BA64F-DC70-4EE2-93E8-2D2ECA82F861}.Debug|x64.Build.0 = Debug|x64
		{8C1BA64F-DC70-4EE2-93E8-2D2ECA82F861}.Debug|x86.ActiveCfg = Debug|Win32
		{8C1BA64F-DC70-4EE2-93E8-2D2ECA82F861}.Debug|x86.Build.0 = Debug|Win32
		{8C1BA64F-DC70-4EE2-93E8-2D2ECA82F861}.Release|x64.ActiveCfg = Release|x64
		{8C1BA64F-DC70-4EE2-93E8-2D2ECA82F861}.Release|x64.Build.0 = Release|x64
		{8C1BA64F-DC70-4EE2-93E8-2D2ECA82F861}.Release|x86.ActiveCfg = Release|Win32
		{8C1BA64F-DC70-4EE2-93E8-2D2ECA82F861}.Release|x86.Build.0 = Release|Win32
		{44857C8F-9A0B-4EFE-A9FE-171D31DFB955}.Debug|x64.ActiveCfg = Debug|x64
		{44857C8F-9A0B-4EFE-A9FE-171D31DFB955}.Debug|x64.Build.0 = Debug|x64
		{44857C8F-9A0B-4EFE-A9FE-171D31DFB955}.Debug|x86.ActiveCfg = Debug|Win32
		{44857C8F-9A0B-4EFE-A9FE-171D31DFB955}.Debug|x86.Build.0 = Debug|Win32
		{44857C8F-9A0B-4EFE-A9FE-171D31DFB955}.Release|x64.ActiveCfg = Release|x64
		{44857C8F-9A0B-4EFE-A9FE-171D31DFB955}.Release|x64.Build.0 = Release|x64
		{44857C8F-9A0B-4EFE-A9FE-171D31DFB955}.Release|x86.ActiveCfg = Release|Win32
		{44857C8F-9A0B-4EFE-A9FE-171D31DFB955}.Release|x86.Build.0 = Release|Win32
		{38E45CE2-3E0B-4B0F-A3E0-C79E39AC50E3}.Debug|x64.ActiveCfg = Debug|x64
		{38E45CE2-3E0B-4B0F-A3E0-C79E39AC50E3}.Debug|x64.Build.0 = Debug|x64
		{38E45CE2-3E0B-4B0F-A3E0-C79E39AC50E3}.Debug|x86.ActiveCfg = Debug|Win32
		{38E45CE2-3E0B-4B0F-A3E0-C79E39AC50E3}.Debug|x86.Build.0 = Debug|Win32
		{38E45CE2-3E0B-4B0F-A3E0-C79E39AC50E3}.Release|x64.ActiveCfg = Release|x64
		{38E45CE2-3E0B-4B0F-A3E0-C79E39AC50E3}.Release|x64.Build.0 = Release|x64
		{38E45CE2-3E0B-4B0F-A3E0-C79E39AC50E3}.Release|x86.ActiveCfg = Release|Win32
		{38E45CE2-3E0B-4B0F-A3E0-C79E39AC50E3}.Release|x86.Build.0 = Release|Win32
		{43D2EB2C-EE36-4DB8-962E-2EE5607CEE7E}.Debug|x64.ActiveCfg = Debug|x64
		{43D2EB2C-EE36-4DB8-962E-2EE5607CEE7E}.Debug|x64.Build.0 = Debug|x64
		{43D2EB2C-EE36-4DB8-962E-2EE5607CEE7E}.Debug|x86.ActiveCfg = Debug|Win32
		{43D2EB2C-EE36-4DB8-962E-2EE5607CEE7E}.Debug|x86.Build.0 = Debug|Win32
		{43D2EB2C-EE36-4DB8-962E-2EE5607CEE7E}.Release|x64.ActiveCfg = Release|x64
		{43D2EB2C-EE36-4DB8-962E-2EE5607CEE7E}.Release|x64.Build.0 = Release|x64
		{43D2EB2C-EE36-4DB8-962E-2EE5607CEE7E}.Release|x86.ActiveCfg = Release|Win32
		{43D2EB2C-EE36-4DB8-962E-2EE5607CEE7E}.Release|x86.Build.0 = Release|Win32
		{89B0FA18-4BA9-43D1-8EF3-EF5194D26399}.Debug|x64.ActiveCfg = Debug|x64
		{89B0FA18-4BA9-43D1-8EF3-EF5194D26399}.Debug|x64.Build.0 = Debug|x64
		{89B0FA18-4BA9-43D1-8EF3-EF5194D26399}.Debug|x86.ActiveCfg = Debug|Win32
		{89B0FA18-4BA9-43D1-8EF3-EF5194D26399}.Debug|x86.Build.0 = Debug|Win32
		{89B0FA18-4BA9-43D1-8EF3-EF5194D26399}.Release|x64.ActiveCfg = Release|x64
		{89B0FA18-4BA9-43D1-8EF3-EF5194D26399}.Release|x64.Build.0 = Release|x64
		{89B0FA18-4BA9-43D1-8EF3-EF5194D26399}.Release|x86.ActiveCfg = Release|Win32
		{89B0FA18-4BA9-43D1-8EF3-EF5194D26399}.Release|x86.Build.0 = Release|Win32
		{69C1209C-4748-4DE5-AD9F-6EA47D22B025}.Debug|x64.ActiveCfg = Debug|x64
		{69C1209C-4748-4DE5-AD9F-6EA47D22B025}.Debug|x64.Build.0 = Debug|x64
		{69C1209C-4748-4DE5-AD9F-6EA47D22B025}.Debug|x86.ActiveCfg = Debug|Win32
		{69C1209C-4748-4DE5-AD9F-6EA47D22B025}.Debug|x86.Build.0 = Debug|Win32
		{69C1209C-4748-4DE5-AD9F-6EA47D22B025}.Release|x64.ActiveCfg = Release|x64
		{69C1209C-4748-4DE5-AD9F-6EA47D22B025}.Release|x64.Build.0 = Release|x64
		{69C1209C-4748-4DE5-AD9F-6EA47D22B025}.Release|x86.ActiveCfg = Release|Win32
		{69C1209C-4748-4DE5-AD9F-6EA47D22B025}.Release|x86.Build.0 = Release|Win32
		{80DA7A23-F66C-4EC2-A5DD-A438D665BE77}.Debug|x64.ActiveCfg = Debug|x64
		{80DA7A23-F66C-4EC2-A5DD-A438D665BE77}.Debug|x64.Build.0 = Debug|x64
		{80DA7A23-F66C-4EC2-A5DD-A438D665BE77}.Debug|x86.ActiveCfg = Debug|Win32
		{80DA7A23-F66C-4EC2-A5DD-A438D665BE77}.Debug|x86.Build.0 = Debug|Win32
		{80DA7A23-F66C-4EC2-A5DD-A438D665BE77}.Release|x64.ActiveCfg = Release|x64
		{80DA7A23-F66C-4EC2-A5DD-A438D665BE77}.Release|x64.Build.0 = Release|x64
		{80DA7A23-F66C-4EC2-A5DD-A438D665BE77}.Release|x86.ActiveCfg = Release|Win32
		{80DA7A23-F66C-4EC2-A5DD-A438D665BE77}.Release|x86.Build.0 = Release|Win32
	EndGlobalSection
	GlobalSection(SolutionProperties) = preSolution
		HideSolutionNode = FALSE
	EndGlobalSection
EndGlobal
