
Microsoft Visual Studio Solution File, Format Version 12.00
# Visual Studio 14
VisualStudioVersion = 14.0.25420.1
MinimumVisualStudioVersion = 10.0.40219.1
Project("{8BC9CEB8-8B4A-11D0-8D11-00A0C91BC942}") = "prj01", "prj01\prj01.vcxproj", "{C0289B2C-A91A-4551-A86B-377C60DCA145}"
EndProject
Project("{8BC9CEB8-8B4A-11D0-8D11-00A0C91BC942}") = "prj02", "prj02\prj02.vcxproj", "{C528E0A3-BD7F-4682-A134-8D9B98E8096A}"
EndProject
Project("{8BC9CEB8-8B4A-11D0-8D11-00A0C91BC942}") = "prj03", "prj03\prj03.vcxproj", "{494E08ED-94C8-4B2A-BC71-CA2D3A16A3C1}"
EndProject
Project("{8BC9CEB8-8B4A-11D0-8D11-00A0C91BC942}") = "prj04", "prj04\prj04.vcxproj", "{F8A4798D-BC97-4998-BBDC-2A856A2FC693}"
EndProject
Project("{8BC9CEB8-8B4A-11D0-8D11-00A0C91BC942}") = "prj05", "prj05\prj05.vcxproj", "{C0F5DC7A-677D-4D51-9D62-3FC510E80540}"
EndProject
Project("{8BC9CEB8-8B4A-11D0-8D11-00A0C91BC942}") = "prj06", "prj06\prj06.vcxproj", "{1C4E07EE-720C-4BDD-BADE-E3924D4DC021}"
EndProject
Project("{8BC9CEB8-8B4A-11D0-8D11-00A0C91BC942}") = "prj07", "prj07\prj07.vcxproj", "{4F4F2927-AA40-4ADE-85F1-A8B429700B18}"
EndProject
Project("{8BC9CEB8-8B4A-11D0-8D11-00A0C91BC942}") = "prj08", "prj08\prj08.vcxproj", "{0B477823-A91C-49FF-A58A-D59B7548C9D2}"
EndProject
Project("{8BC9CEB8-8B4A-11D0-8D11-00A0C91BC942}") = "prj09", "prj09\prj09.vcxproj", "{082494DE-6A91-4230-887A-B81E804684CD}"
EndProject
Project("{8BC9CEB8-8B4A-11D0-8D11-00A0C91BC942}") = "prj10", "prj10\prj10.vcxproj", "{5AB3737E-A487-4BE9-9485-4B97B6B365B6}"
EndProject
Project("{8BC9CEB8-8B4A-11D0-8D11-00A0C91BC942}") = "prj11", "prj11\prj11.vcxproj", "{2791B961-BABE-4627-A35F-2E9CE3345536}"
EndProject
Project("{8BC9CEB8-8B4A-11D0-8D11-00A0C91BC942}") = "prj12", "prj12\prj12.vcxproj", "{A21E80EB-F0B1-4FE3-93E5-51FB660B14B4}"
EndProject
Project("{8BC9CEB8-8B4A-11D0-8D11-00A0C91BC942}") = "prj13", "prj13\prj13.vcxproj", "{FC617D1E-A18C-40D4-91A8-6F632E46323D}"
EndProject
Global
	GlobalSection(SolutionConfigurationPlatforms) = preSolution
		Debug|x64 = Debug|x64
		Debug|x86 = Debug|x86
		Release|x64 = Release|x64
		Release|x86 = Release|x86
	EndGlobalSection
	GlobalSection(ProjectConfigurationPlatforms) = postSolution
		{C0289B2C-A91A-4551-A86B-377C60DCA145}.Debug|x64.ActiveCfg = Debug|x64
		{C0289B2C-A91A-4551-A86B-377C60DCA145}.Debug|x64.Build.0 = Debug|x64
		{C0289B2C-A91A-4551-A86B-377C60DCA145}.Debug|x86.ActiveCfg = Debug|Win32
		{C0289B2C-A91A-4551-A86B-377C60DCA145}.Debug|x86.Build.0 = Debug|Win32
		{C0289B2C-A91A-4551-A86B-377C60DCA145}.Release|x64.ActiveCfg = Release|x64
		{C0289B2C-A91A-4551-A86B-377C60DCA145}.Release|x64.Build.0 = Release|x64
		{C0289B2C-A91A-4551-A86B-377C60DCA145}.Release|x86.ActiveCfg = Release|Win32
		{C0289B2C-A91A-4551-A86B-377C60DCA145}.Release|x86.Build.0 = Release|Win32
		{C528E0A3-BD7F-4682-A134-8D9B98E8096A}.Debug|x64.ActiveCfg = Debug|x64
		{C528E0A3-BD7F-4682-A134-8D9B98E8096A}.Debug|x64.Build.0 = Debug|x64
		{C528E0A3-BD7F-4682-A134-8D9B98E8096A}.Debug|x86.ActiveCfg = Debug|Win32
		{C528E0A3-BD7F-4682-A134-8D9B98E8096A}.Debug|x86.Build.0 = Debug|Win32
		{C528E0A3-BD7F-4682-A134-8D9B98E8096A}.Release|x64.ActiveCfg = Release|x64
		{C528E0A3-BD7F-4682-A134-8D9B98E8096A}.Release|x64.Build.0 = Release|x64
		{C528E0A3-BD7F-4682-A134-8D9B98E8096A}.Release|x86.ActiveCfg = Release|Win32
		{C528E0A3-BD7F-4682-A134-8D9B98E8096A}.Release|x86.Build.0 = Release|Win32
		{494E08ED-94C8-4B2A-BC71-CA2D3A16A3C1}.Debug|x64.ActiveCfg = Debug|x64
		{494E08ED-94C8-4B2A-BC71-CA2D3A16A3C1}.Debug|x64.Build.0 = Debug|x64
		{494E08ED-94C8-4B2A-BC71-CA2D3A16A3C1}.Debug|x86.ActiveCfg = Debug|Win32
		{494E08ED-94C8-4B2A-BC71-CA2D3A16A3C1}.Debug|x86.Build.0 = Debug|Win32
		{494E08ED-94C8-4B2A-BC71-CA2D3A16A3C1}.Release|x64.ActiveCfg = Release|x64
		{494E08ED-94C8-4B2A-BC71-CA2D3A16A3C1}.Release|x64.Build.0 = Release|x64
		{494E08ED-94C8-4B2A-BC71-CA2D3A16A3C1}.Release|x86.ActiveCfg = Release|Win32
		{494E08ED-94C8-4B2A-BC71-CA2D3A16A3C1}.Release|x86.Build.0 = Release|Win32
		{F8A4798D-BC97-4998-BBDC-2A856A2FC693}.Debug|x64.ActiveCfg = Debug|x64
		{F8A4798D-BC97-4998-BBDC-2A856A2FC693}.Debug|x64.Build.0 = Debug|x64
		{F8A4798D-BC97-4998-BBDC-2A856A2FC693}.Debug|x86.ActiveCfg = Debug|Win32
		{F8A4798D-BC97-4998-BBDC-2A856A2FC693}.Debug|x86.Build.0 = Debug|Win32
		{F8A4798D-BC97-4998-BBDC-2A856A2FC693}.Release|x64.ActiveCfg = Release|x64
		{F8A4798D-BC97-4998-BBDC-2A856A2FC693}.Release|x64.Build.0 = Release|x64
		{F8A4798D-BC97-4998-BBDC-2A856A2FC693}.Release|x86.ActiveCfg = Release|Win32
		{F8A4798D-BC97-4998-BBDC-2A856A2FC693}.Release|x86.Build.0 = Release|Win32
		{C0F5DC7A-677D-4D51-9D62-3FC510E80540}.Debug|x64.ActiveCfg = Debug|x64
		{C0F5DC7A-677D-4D51-9D62-3FC510E80540}.Debug|x64.Build.0 = Debug|x64
		{C0F5DC7A-677D-4D51-9D62-3FC510E80540}.Debug|x86.ActiveCfg = Debug|Win32
		{C0F5DC7A-677D-4D51-9D62-3FC510E80540}.Debug|x86.Build.0 = Debug|Win32
		{C0F5DC7A-677D-4D51-9D62-3FC510E80540}.Release|x64.ActiveCfg = Release|x64
		{C0F5DC7A-677D-4D51-9D62-3FC510E80540}.Release|x64.Build.0 = Release|x64
		{C0F5DC7A-677D-4D51-9D62-3FC510E80540}.Release|x86.ActiveCfg = Release|Win32
		{C0F5DC7A-677D-4D51-9D62-3FC510E80540}.Release|x86.Build.0 = Release|Win32
		{1C4E07EE-720C-4BDD-BADE-E3924D4DC021}.Debug|x64.ActiveCfg = Debug|x64
		{1C4E07EE-720C-4BDD-BADE-E3924D4DC021}.Debug|x64.Build.0 = Debug|x64
		{1C4E07EE-720C-4BDD-BADE-E3924D4DC021}.Debug|x86.ActiveCfg = Debug|Win32
		{1C4E07EE-720C-4BDD-BADE-E3924D4DC021}.Debug|x86.Build.0 = Debug|Win32
		{1C4E07EE-720C-4BDD-BADE-E3924D4DC021}.Release|x64.ActiveCfg = Release|x64
		{1C4E07EE-720C-4BDD-BADE-E3924D4DC021}.Release|x64.Build.0 = Release|x64
		{1C4E07EE-720C-4BDD-BADE-E3924D4DC021}.Release|x86.ActiveCfg = Release|Win32
		{1C4E07EE-720C-4BDD-BADE-E3924D4DC021}.Release|x86.Build.0 = Release|Win32
		{4F4F2927-AA40-4ADE-85F1-A8B429700B18}.Debug|x64.ActiveCfg = Debug|x64
		{4F4F2927-AA40-4ADE-85F1-A8B429700B18}.Debug|x64.Build.0 = Debug|x64
		{4F4F2927-AA40-4ADE-85F1-A8B429700B18}.Debug|x86.ActiveCfg = Debug|Win32
		{4F4F2927-AA40-4ADE-85F1-A8B429700B18}.Debug|x86.Build.0 = Debug|Win32
		{4F4F2927-AA40-4ADE-85F1-A8B429700B18}.Release|x64.ActiveCfg = Release|x64
		{4F4F2927-AA40-4ADE-85F1-A8B429700B18}.Release|x64.Build.0 = Release|x64
		{4F4F2927-AA40-4ADE-85F1-A8B429700B18}.Release|x86.ActiveCfg = Release|Win32
		{4F4F2927-AA40-4ADE-85F1-A8B429700B18}.Release|x86.Build.0 = Release|Win32
		{0B477823-A91C-49FF-A58A-D59B7548C9D2}.Debug|x64.ActiveCfg = Debug|x64
		{0B477823-A91C-49FF-A58A-D59B7548C9D2}.Debug|x64.Build.0 = Debug|x64
		{0B477823-A91C-49FF-A58A-D59B7548C9D2}.Debug|x86.ActiveCfg = Debug|Win32
		{0B477823-A91C-49FF-A58A-D59B7548C9D2}.Debug|x86.Build.0 = Debug|Win32
		{0B477823-A91C-49FF-A58A-D59B7548C9D2}.Release|x64.ActiveCfg = Release|x64
		{0B477823-A91C-49FF-A58A-D59B7548C9D2}.Release|x64.Build.0 = Release|x64
		{0B477823-A91C-49FF-A58A-D59B7548C9D2}.Release|x86.ActiveCfg = Release|Win32
		{0B477823-A91C-49FF-A58A-D59B7548C9D2}.Release|x86.Build.0 = Release|Win32
		{082494DE-6A91-4230-887A-B81E804684CD}.Debug|x64.ActiveCfg = Debug|x64
		{082494DE-6A91-4230-887A-B81E804684CD}.Debug|x64.Build.0 = Debug|x64
		{082494DE-6A91-4230-887A-B81E804684CD}.Debug|x86.ActiveCfg = Debug|Win32
		{082494DE-6A91-4230-887A-B81E804684CD}.Debug|x86.Build.0 = Debug|Win32
		{082494DE-6A91-4230-887A-B81E804684CD}.Release|x64.ActiveCfg = Release|x64
		{082494DE-6A91-4230-887A-B81E804684CD}.Release|x64.Build.0 = Release|x64
		{082494DE-6A91-4230-887A-B81E804684CD}.Release|x86.ActiveCfg = Release|Win32
		{082494DE-6A91-4230-887A-B81E804684CD}.Release|x86.Build.0 = Release|Win32
		{5AB3737E-A487-4BE9-9485-4B97B6B365B6}.Debug|x64.ActiveCfg = Debug|x64
		{5AB3737E-A487-4BE9-9485-4B97B6B365B6}.Debug|x64.Build.0 = Debug|x64
		{5AB3737E-A487-4BE9-9485-4B97B6B365B6}.Debug|x86.ActiveCfg = Debug|Win32
		{5AB3737E-A487-4BE9-9485-4B97B6B365B6}.Debug|x86.Build.0 = Debug|Win32
		{5AB3737E-A487-4BE9-9485-4B97B6B365B6}.Release|x64.ActiveCfg = Release|x64
		{5AB3737E-A487-4BE9-9485-4B97B6B365B6}.Release|x64.Build.0 = Release|x64
		{5AB3737E-A487-4BE9-9485-4B97B6B365B6}.Release|x86.ActiveCfg = Release|Win32
		{5AB3737E-A487-4BE9-9485-4B97B6B365B6}.Release|x86.Build.0 = Release|Win32
		{2791B961-BABE-4627-A35F-2E9CE3345536}.Debug|x64.ActiveCfg = Debug|x64
		{2791B961-BABE-4627-A35F-2E9CE3345536}.Debug|x64.Build.0 = Debug|x64
		{2791B961-BABE-4627-A35F-2E9CE3345536}.Debug|x86.ActiveCfg = Debug|Win32
		{2791B961-BABE-4627-A35F-2E9CE3345536}.Debug|x86.Build.0 = Debug|Win32
		{2791B961-BABE-4627-A35F-2E9CE3345536}.Release|x64.ActiveCfg = Release|x64
		{2791B961-BABE-4627-A35F-2E9CE3345536}.Release|x64.Build.0 = Release|x64
		{2791B961-BABE-4627-A35F-2E9CE3345536}.Release|x86.ActiveCfg = Release|Win32
		{2791B961-BABE-4627-A35F-2E9CE3345536}.Release|x86.Build.0 = Release|Win32
		{A21E80EB-F0B1-4FE3-93E5-51FB660B14B4}.Debug|x64.ActiveCfg = Debug|x64
		{A21E80EB-F0B1-4FE3-93E5-51FB660B14B4}.Debug|x64.Build.0 = Debug|x64
		{A21E80EB-F0B1-4FE3-93E5-51FB660B14B4}.Debug|x86.ActiveCfg = Debug|Win32
		{A21E80EB-F0B1-4FE3-93E5-51FB660B14B4}.Debug|x86.Build.0 = Debug|Win32
		{A21E80EB-F0B1-4FE3-93E5-51FB660B14B4}.Release|x64.ActiveCfg = Release|x64
		{A21E80EB-F0B1-4FE3-93E5-51FB660B14B4}.Release|x64.Build.0 = Release|x64
		{A21E80EB-F0B1-4FE3-93E5-51FB660B14B4}.Release|x86.ActiveCfg = Release|Win32
		{A21E80EB-F0B1-4FE3-93E5-51FB660B14B4}.Release|x86.Build.0 = Release|Win32
		{FC617D1E-A18C-40D4-91A8-6F632E46323D}.Debug|x64.ActiveCfg = Debug|x64
		{FC617D1E-A18C-40D4-91A8-6F632E46323D}.Debug|x64.Build.0 = Debug|x64
		{FC617D1E-A18C-40D4-91A8-6F632E46323D}.Debug|x86.ActiveCfg = Debug|Win32
		{FC617D1E-A18C-40D4-91A8-6F632E46323D}.Debug|x86.Build.0 = Debug|Win32
		{FC617D1E-A18C-40D4-91A8-6F632E46323D}.Release|x64.ActiveCfg = Release|x64
		{FC617D1E-A18C-40D4-91A8-6F632E46323D}.Release|x64.Build.0 = Release|x64
		{FC617D1E-A18C-40D4-91A8-6F632E46323D}.Release|x86.ActiveCfg = Release|Win32
		{FC617D1E-A18C-40D4-91A8-6F632E46323D}.Release|x86.Build.0 = Release|Win32
	EndGlobalSection
	GlobalSection(SolutionProperties) = preSolution
		HideSolutionNode = FALSE
	EndGlobalSection
EndGlobal
