
Microsoft Visual Studio Solution File, Format Version 12.00
# Visual Studio 14
VisualStudioVersion = 14.0.25420.1
MinimumVisualStudioVersion = 10.0.40219.1
Project("{8BC9CEB8-8B4A-11D0-8D11-00A0C91BC942}") = "prj01", "prj01\prj01.vcxproj", "{5E355E31-6C13-48D9-B646-73EC5FC6BF6B}"
EndProject
Project("{8BC9CEB8-8B4A-11D0-8D11-00A0C91BC942}") = "prj02", "prj02\prj02.vcxproj", "{4D216949-FAAE-48C9-BE84-78C0F61C98B0}"
EndProject
Project("{8BC9CEB8-8B4A-11D0-8D11-00A0C91BC942}") = "prj03", "prj03\prj03.vcxproj", "{08FFADB0-C74B-444B-8DE4-21F92C7B4D31}"
EndProject
Project("{8BC9CEB8-8B4A-11D0-8D11-00A0C91BC942}") = "prj04", "prj04\prj04.vcxproj", "{0DCD31CD-1699-4B80-8D21-25CD29C594EF}"
EndProject
Project("{8BC9CEB8-8B4A-11D0-8D11-00A0C91BC942}") = "prj05", "prj05\prj05.vcxproj", "{1848FE4F-4250-43A3-8D2C-AAAC595C1024}"
EndProject
Project("{8BC9CEB8-8B4A-11D0-8D11-00A0C91BC942}") = "prj06", "prj06\prj06.vcxproj", "{AB9AEFD8-B7BD-4260-917E-27532B5D9941}"
EndProject
Project("{8BC9CEB8-8B4A-11D0-8D11-00A0C91BC942}") = "prj07", "prj07\prj07.vcxproj", "{01E72B0E-64E8-4139-A1F8-B098B250FA19}"
EndProject
Project("{8BC9CEB8-8B4A-11D0-8D11-00A0C91BC942}") = "prj08", "prj08\prj08.vcxproj", "{7EB6E136-2B08-4707-A33C-CB732752D763}"
EndProject
Project("{8BC9CEB8-8B4A-11D0-8D11-00A0C91BC942}") = "prj09", "prj09\prj09.vcxproj", "{F254F197-C222-446B-8C7F-5C358F3B070B}"
EndProject
Project("{8BC9CEB8-8B4A-11D0-8D11-00A0C91BC942}") = "prj10", "prj10\prj10.vcxproj", "{16E90642-211B-4BC7-A6CA-33BA4C0323B6}"
EndProject
Project("{8BC9CEB8-8B4A-11D0-8D11-00A0C91BC942}") = "prj11", "prj11\prj11.vcxproj", "{B23C6CCB-A2C1-41B7-B1B1-B9590353B7B9}"
EndProject
Project("{8BC9CEB8-8B4A-11D0-8D11-00A0C91BC942}") = "prj12", "prj12\prj12.vcxproj", "{4D5BFCED-6662-40CC-81A6-20EA748E5CBF}"
EndProject
Project("{8BC9CEB8-8B4A-11D0-8D11-00A0C91BC942}") = "prj13", "prj13\prj13.vcxproj", "{D951B522-B114-4A71-8A05-C29089541FCA}"
EndProject
Project("{8BC9CEB8-8B4A-11D0-8D11-00A0C91BC942}") = "prj15", "prj15\prj15.vcxproj", "{54964576-2729-4C3B-BE42-243D3EF88FD5}"
EndProject
Project("{8BC9CEB8-8B4A-11D0-8D11-00A0C91BC942}") = "prj14", "prj14\prj14.vcxproj", "{D512A632-84A4-4B92-9A61-5480AE5D1FAF}"
EndProject
Project("{8BC9CEB8-8B4A-11D0-8D11-00A0C91BC942}") = "prj16", "prj16\prj16.vcxproj", "{280A5C7F-1AF3-4C3B-ACDC-BB901693CC72}"
EndProject
Project("{8BC9CEB8-8B4A-11D0-8D11-00A0C91BC942}") = "prj17", "prj17\prj17.vcxproj", "{E322E43E-6D9C-4E57-B64C-0999F7A44FA4}"
EndProject
Project("{8BC9CEB8-8B4A-11D0-8D11-00A0C91BC942}") = "prj18", "prj18\prj18.vcxproj", "{D3A42E72-546D-449D-B519-9C79C8C4C545}"
EndProject
Project("{8BC9CEB8-8B4A-11D0-8D11-00A0C91BC942}") = "prj19", "prj19\prj19.vcxproj", "{F570A882-951B-4801-BF45-7DDBA0D7D6A3}"
EndProject
Global
	GlobalSection(SolutionConfigurationPlatforms) = preSolution
		Debug|x64 = Debug|x64
		Debug|x86 = Debug|x86
		Release|x64 = Release|x64
		Release|x86 = Release|x86
	EndGlobalSection
	GlobalSection(ProjectConfigurationPlatforms) = postSolution
		{5E355E31-6C13-48D9-B646-73EC5FC6BF6B}.Debug|x64.ActiveCfg = Debug|x64
		{5E355E31-6C13-48D9-B646-73EC5FC6BF6B}.Debug|x64.Build.0 = Debug|x64
		{5E355E31-6C13-48D9-B646-73EC5FC6BF6B}.Debug|x86.ActiveCfg = Debug|Win32
		{5E355E31-6C13-48D9-B646-73EC5FC6BF6B}.Debug|x86.Build.0 = Debug|Win32
		{5E355E31-6C13-48D9-B646-73EC5FC6BF6B}.Release|x64.ActiveCfg = Release|x64
		{5E355E31-6C13-48D9-B646-73EC5FC6BF6B}.Release|x64.Build.0 = Release|x64
		{5E355E31-6C13-48D9-B646-73EC5FC6BF6B}.Release|x86.ActiveCfg = Release|Win32
		{5E355E31-6C13-48D9-B646-73EC5FC6BF6B}.Release|x86.Build.0 = Release|Win32
		{4D216949-FAAE-48C9-BE84-78C0F61C98B0}.Debug|x64.ActiveCfg = Debug|x64
		{4D216949-FAAE-48C9-BE84-78C0F61C98B0}.Debug|x64.Build.0 = Debug|x64
		{4D216949-FAAE-48C9-BE84-78C0F61C98B0}.Debug|x86.ActiveCfg = Debug|Win32
		{4D216949-FAAE-48C9-BE84-78C0F61C98B0}.Debug|x86.Build.0 = Debug|Win32
		{4D216949-FAAE-48C9-BE84-78C0F61C98B0}.Release|x64.ActiveCfg = Release|x64
		{4D216949-FAAE-48C9-BE84-78C0F61C98B0}.Release|x64.Build.0 = Release|x64
		{4D216949-FAAE-48C9-BE84-78C0F61C98B0}.Release|x86.ActiveCfg = Release|Win32
		{4D216949-FAAE-48C9-BE84-78C0F61C98B0}.Release|x86.Build.0 = Release|Win32
		{08FFADB0-C74B-444B-8DE4-21F92C7B4D31}.Debug|x64.ActiveCfg = Debug|x64
		{08FFADB0-C74B-444B-8DE4-21F92C7B4D31}.Debug|x64.Build.0 = Debug|x64
		{08FFADB0-C74B-444B-8DE4-21F92C7B4D31}.Debug|x86.ActiveCfg = Debug|Win32
		{08FFADB0-C74B-444B-8DE4-21F92C7B4D31}.Debug|x86.Build.0 = Debug|Win32
		{08FFADB0-C74B-444B-8DE4-21F92C7B4D31}.Release|x64.ActiveCfg = Release|x64
		{08FFADB0-C74B-444B-8DE4-21F92C7B4D31}.Release|x64.Build.0 = Release|x64
		{08FFADB0-C74B-444B-8DE4-21F92C7B4D31}.Release|x86.ActiveCfg = Release|Win32
		{08FFADB0-C74B-444B-8DE4-21F92C7B4D31}.Release|x86.Build.0 = Release|Win32
		{0DCD31CD-1699-4B80-8D21-25CD29C594EF}.Debug|x64.ActiveCfg = Debug|x64
		{0DCD31CD-1699-4B80-8D21-25CD29C594EF}.Debug|x64.Build.0 = Debug|x64
		{0DCD31CD-1699-4B80-8D21-25CD29C594EF}.Debug|x86.ActiveCfg = Debug|Win32
		{0DCD31CD-1699-4B80-8D21-25CD29C594EF}.Debug|x86.Build.0 = Debug|Win32
		{0DCD31CD-1699-4B80-8D21-25CD29C594EF}.Release|x64.ActiveCfg = Release|x64
		{0DCD31CD-1699-4B80-8D21-25CD29C594EF}.Release|x64.Build.0 = Release|x64
		{0DCD31CD-1699-4B80-8D21-25CD29C594EF}.Release|x86.ActiveCfg = Release|Win32
		{0DCD31CD-1699-4B80-8D21-25CD29C594EF}.Release|x86.Build.0 = Release|Win32
		{1848FE4F-4250-43A3-8D2C-AAAC595C1024}.Debug|x64.ActiveCfg = Debug|x64
		{1848FE4F-4250-43A3-8D2C-AAAC595C1024}.Debug|x64.Build.0 = Debug|x64
		{1848FE4F-4250-43A3-8D2C-AAAC595C1024}.Debug|x86.ActiveCfg = Debug|Win32
		{1848FE4F-4250-43A3-8D2C-AAAC595C1024}.Debug|x86.Build.0 = Debug|Win32
		{1848FE4F-4250-43A3-8D2C-AAAC595C1024}.Release|x64.ActiveCfg = Release|x64
		{1848FE4F-4250-43A3-8D2C-AAAC595C1024}.Release|x64.Build.0 = Release|x64
		{1848FE4F-4250-43A3-8D2C-AAAC595C1024}.Release|x86.ActiveCfg = Release|Win32
		{1848FE4F-4250-43A3-8D2C-AAAC595C1024}.Release|x86.Build.0 = Release|Win32
		{AB9AEFD8-B7BD-4260-917E-27532B5D9941}.Debug|x64.ActiveCfg = Debug|x64
		{AB9AEFD8-B7BD-4260-917E-27532B5D9941}.Debug|x64.Build.0 = Debug|x64
		{AB9AEFD8-B7BD-4260-917E-27532B5D9941}.Debug|x86.ActiveCfg = Debug|Win32
		{AB9AEFD8-B7BD-4260-917E-27532B5D9941}.Debug|x86.Build.0 = Debug|Win32
		{AB9AEFD8-B7BD-4260-917E-27532B5D9941}.Release|x64.ActiveCfg = Release|x64
		{AB9AEFD8-B7BD-4260-917E-27532B5D9941}.Release|x64.Build.0 = Release|x64
		{AB9AEFD8-B7BD-4260-917E-27532B5D9941}.Release|x86.ActiveCfg = Release|Win32
		{AB9AEFD8-B7BD-4260-917E-27532B5D9941}.Release|x86.Build.0 = Release|Win32
		{01E72B0E-64E8-4139-A1F8-B098B250FA19}.Debug|x64.ActiveCfg = Debug|x64
		{01E72B0E-64E8-4139-A1F8-B098B250FA19}.Debug|x64.Build.0 = Debug|x64
		{01E72B0E-64E8-4139-A1F8-B098B250FA19}.Debug|x86.ActiveCfg = Debug|Win32
		{01E72B0E-64E8-4139-A1F8-B098B250FA19}.Debug|x86.Build.0 = Debug|Win32
		{01E72B0E-64E8-4139-A1F8-B098B250FA19}.Release|x64.ActiveCfg = Release|x64
		{01E72B0E-64E8-4139-A1F8-B098B250FA19}.Release|x64.Build.0 = Release|x64
		{01E72B0E-64E8-4139-A1F8-B098B250FA19}.Release|x86.ActiveCfg = Release|Win32
		{01E72B0E-64E8-4139-A1F8-B098B250FA19}.Release|x86.Build.0 = Release|Win32
		{7EB6E136-2B08-4707-A33C-CB732752D763}.Debug|x64.ActiveCfg = Debug|x64
		{7EB6E136-2B08-4707-A33C-CB732752D763}.Debug|x64.Build.0 = Debug|x64
		{7EB6E136-2B08-4707-A33C-CB732752D763}.Debug|x86.ActiveCfg = Debug|Win32
		{7EB6E136-2B08-4707-A33C-CB732752D763}.Debug|x86.Build.0 = Debug|Win32
		{7EB6E136-2B08-4707-A33C-CB732752D763}.Release|x64.ActiveCfg = Release|x64
		{7EB6E136-2B08-4707-A33C-CB732752D763}.Release|x64.Build.0 = Release|x64
		{7EB6E136-2B08-4707-A33C-CB732752D763}.Release|x86.ActiveCfg = Release|Win32
		{7EB6E136-2B08-4707-A33C-CB732752D763}.Release|x86.Build.0 = Release|Win32
		{F254F197-C222-446B-8C7F-5C358F3B070B}.Debug|x64.ActiveCfg = Debug|x64
		{F254F197-C222-446B-8C7F-5C358F3B070B}.Debug|x64.Build.0 = Debug|x64
		{F254F197-C222-446B-8C7F-5C358F3B070B}.Debug|x86.ActiveCfg = Debug|Win32
		{F254F197-C222-446B-8C7F-5C358F3B070B}.Debug|x86.Build.0 = Debug|Win32
		{F254F197-C222-446B-8C7F-5C358F3B070B}.Release|x64.ActiveCfg = Release|x64
		{F254F197-C222-446B-8C7F-5C358F3B070B}.Release|x64.Build.0 = Release|x64
		{F254F197-C222-446B-8C7F-5C358F3B070B}.Release|x86.ActiveCfg = Release|Win32
		{F254F197-C222-446B-8C7F-5C358F3B070B}.Release|x86.Build.0 = Release|Win32
		{16E90642-211B-4BC7-A6CA-33BA4C0323B6}.Debug|x64.ActiveCfg = Debug|x64
		{16E90642-211B-4BC7-A6CA-33BA4C0323B6}.Debug|x64.Build.0 = Debug|x64
		{16E90642-211B-4BC7-A6CA-33BA4C0323B6}.Debug|x86.ActiveCfg = Debug|Win32
		{16E90642-211B-4BC7-A6CA-33BA4C0323B6}.Debug|x86.Build.0 = Debug|Win32
		{16E90642-211B-4BC7-A6CA-33BA4C0323B6}.Release|x64.ActiveCfg = Release|x64
		{16E90642-211B-4BC7-A6CA-33BA4C0323B6}.Release|x64.Build.0 = Release|x64
		{16E90642-211B-4BC7-A6CA-33BA4C0323B6}.Release|x86.ActiveCfg = Release|Win32
		{16E90642-211B-4BC7-A6CA-33BA4C0323B6}.Release|x86.Build.0 = Release|Win32
		{B23C6CCB-A2C1-41B7-B1B1-B9590353B7B9}.Debug|x64.ActiveCfg = Debug|x64
		{B23C6CCB-A2C1-41B7-B1B1-B9590353B7B9}.Debug|x64.Build.0 = Debug|x64
		{B23C6CCB-A2C1-41B7-B1B1-B9590353B7B9}.Debug|x86.ActiveCfg = Debug|Win32
		{B23C6CCB-A2C1-41B7-B1B1-B9590353B7B9}.Debug|x86.Build.0 = Debug|Win32
		{B23C6CCB-A2C1-41B7-B1B1-B9590353B7B9}.Release|x64.ActiveCfg = Release|x64
		{B23C6CCB-A2C1-41B7-B1B1-B9590353B7B9}.Release|x64.Build.0 = Release|x64
		{B23C6CCB-A2C1-41B7-B1B1-B9590353B7B9}.Release|x86.ActiveCfg = Release|Win32
		{B23C6CCB-A2C1-41B7-B1B1-B9590353B7B9}.Release|x86.Build.0 = Release|Win32
		{4D5BFCED-6662-40CC-81A6-20EA748E5CBF}.Debug|x64.ActiveCfg = Debug|x64
		{4D5BFCED-6662-40CC-81A6-20EA748E5CBF}.Debug|x64.Build.0 = Debug|x64
		{4D5BFCED-6662-40CC-81A6-20EA748E5CBF}.Debug|x86.ActiveCfg = Debug|Win32
		{4D5BFCED-6662-40CC-81A6-20EA748E5CBF}.Debug|x86.Build.0 = Debug|Win32
		{4D5BFCED-6662-40CC-81A6-20EA748E5CBF}.Release|x64.ActiveCfg = Release|x64
		{4D5BFCED-6662-40CC-81A6-20EA748E5CBF}.Release|x64.Build.0 = Release|x64
		{4D5BFCED-6662-40CC-81A6-20EA748E5CBF}.Release|x86.ActiveCfg = Release|Win32
		{4D5BFCED-6662-40CC-81A6-20EA748E5CBF}.Release|x86.Build.0 = Release|Win32
		{D951B522-B114-4A71-8A05-C29089541FCA}.Debug|x64.ActiveCfg = Debug|x64
		{D951B522-B114-4A71-8A05-C29089541FCA}.Debug|x64.Build.0 = Debug|x64
		{D951B522-B114-4A71-8A05-C29089541FCA}.Debug|x86.ActiveCfg = Debug|Win32
		{D951B522-B114-4A71-8A05-C29089541FCA}.Debug|x86.Build.0 = Debug|Win32
		{D951B522-B114-4A71-8A05-C29089541FCA}.Release|x64.ActiveCfg = Release|x64
		{D951B522-B114-4A71-8A05-C29089541FCA}.Release|x64.Build.0 = Release|x64
		{D951B522-B114-4A71-8A05-C29089541FCA}.Release|x86.ActiveCfg = Release|Win32
		{D951B522-B114-4A71-8A05-C29089541FCA}.Release|x86.Build.0 = Release|Win32
		{54964576-2729-4C3B-BE42-243D3EF88FD5}.Debug|x64.ActiveCfg = Debug|x64
		{54964576-2729-4C3B-BE42-243D3EF88FD5}.Debug|x64.Build.0 = Debug|x64
		{54964576-2729-4C3B-BE42-243D3EF88FD5}.Debug|x86.ActiveCfg = Debug|Win32
		{54964576-2729-4C3B-BE42-243D3EF88FD5}.Debug|x86.Build.0 = Debug|Win32
		{54964576-2729-4C3B-BE42-243D3EF88FD5}.Release|x64.ActiveCfg = Release|x64
		{54964576-2729-4C3B-BE42-243D3EF88FD5}.Release|x64.Build.0 = Release|x64
		{54964576-2729-4C3B-BE42-243D3EF88FD5}.Release|x86.ActiveCfg = Release|Win32
		{54964576-2729-4C3B-BE42-243D3EF88FD5}.Release|x86.Build.0 = Release|Win32
		{D512A632-84A4-4B92-9A61-5480AE5D1FAF}.Debug|x64.ActiveCfg = Debug|x64
		{D512A632-84A4-4B92-9A61-5480AE5D1FAF}.Debug|x64.Build.0 = Debug|x64
		{D512A632-84A4-4B92-9A61-5480AE5D1FAF}.Debug|x86.ActiveCfg = Debug|Win32
		{D512A632-84A4-4B92-9A61-5480AE5D1FAF}.Debug|x86.Build.0 = Debug|Win32
		{D512A632-84A4-4B92-9A61-5480AE5D1FAF}.Release|x64.ActiveCfg = Release|x64
		{D512A632-84A4-4B92-9A61-5480AE5D1FAF}.Release|x64.Build.0 = Release|x64
		{D512A632-84A4-4B92-9A61-5480AE5D1FAF}.Release|x86.ActiveCfg = Release|Win32
		{D512A632-84A4-4B92-9A61-5480AE5D1FAF}.Release|x86.Build.0 = Release|Win32
		{280A5C7F-1AF3-4C3B-ACDC-BB901693CC72}.Debug|x64.ActiveCfg = Debug|x64
		{280A5C7F-1AF3-4C3B-ACDC-BB901693CC72}.Debug|x64.Build.0 = Debug|x64
		{280A5C7F-1AF3-4C3B-ACDC-BB901693CC72}.Debug|x86.ActiveCfg = Debug|Win32
		{280A5C7F-1AF3-4C3B-ACDC-BB901693CC72}.Debug|x86.Build.0 = Debug|Win32
		{280A5C7F-1AF3-4C3B-ACDC-BB901693CC72}.Release|x64.ActiveCfg = Release|x64
		{280A5C7F-1AF3-4C3B-ACDC-BB901693CC72}.Release|x64.Build.0 = Release|x64
		{280A5C7F-1AF3-4C3B-ACDC-BB901693CC72}.Release|x86.ActiveCfg = Release|Win32
		{280A5C7F-1AF3-4C3B-ACDC-BB901693CC72}.Release|x86.Build.0 = Release|Win32
		{E322E43E-6D9C-4E57-B64C-0999F7A44FA4}.Debug|x64.ActiveCfg = Debug|x64
		{E322E43E-6D9C-4E57-B64C-0999F7A44FA4}.Debug|x64.Build.0 = Debug|x64
		{E322E43E-6D9C-4E57-B64C-0999F7A44FA4}.Debug|x86.ActiveCfg = Debug|Win32
		{E322E43E-6D9C-4E57-B64C-0999F7A44FA4}.Debug|x86.Build.0 = Debug|Win32
		{E322E43E-6D9C-4E57-B64C-0999F7A44FA4}.Release|x64.ActiveCfg = Release|x64
		{E322E43E-6D9C-4E57-B64C-0999F7A44FA4}.Release|x64.Build.0 = Release|x64
		{E322E43E-6D9C-4E57-B64C-0999F7A44FA4}.Release|x86.ActiveCfg = Release|Win32
		{E322E43E-6D9C-4E57-B64C-0999F7A44FA4}.Release|x86.Build.0 = Release|Win32
		{D3A42E72-546D-449D-B519-9C79C8C4C545}.Debug|x64.ActiveCfg = Debug|x64
		{D3A42E72-546D-449D-B519-9C79C8C4C545}.Debug|x64.Build.0 = Debug|x64
		{D3A42E72-546D-449D-B519-9C79C8C4C545}.Debug|x86.ActiveCfg = Debug|Win32
		{D3A42E72-546D-449D-B519-9C79C8C4C545}.Debug|x86.Build.0 = Debug|Win32
		{D3A42E72-546D-449D-B519-9C79C8C4C545}.Release|x64.ActiveCfg = Release|x64
		{D3A42E72-546D-449D-B519-9C79C8C4C545}.Release|x64.Build.0 = Release|x64
		{D3A42E72-546D-449D-B519-9C79C8C4C545}.Release|x86.ActiveCfg = Release|Win32
		{D3A42E72-546D-449D-B519-9C79C8C4C545}.Release|x86.Build.0 = Release|Win32
		{F570A882-951B-4801-BF45-7DDBA0D7D6A3}.Debug|x64.ActiveCfg = Debug|x64
		{F570A882-951B-4801-BF45-7DDBA0D7D6A3}.Debug|x64.Build.0 = Debug|x64
		{F570A882-951B-4801-BF45-7DDBA0D7D6A3}.Debug|x86.ActiveCfg = Debug|Win32
		{F570A882-951B-4801-BF45-7DDBA0D7D6A3}.Debug|x86.Build.0 = Debug|Win32
		{F570A882-951B-4801-BF45-7DDBA0D7D6A3}.Release|x64.ActiveCfg = Release|x64
		{F570A882-951B-4801-BF45-7DDBA0D7D6A3}.Release|x64.Build.0 = Release|x64
		{F570A882-951B-4801-BF45-7DDBA0D7D6A3}.Release|x86.ActiveCfg = Release|Win32
		{F570A882-951B-4801-BF45-7DDBA0D7D6A3}.Release|x86.Build.0 = Release|Win32
	EndGlobalSection
	GlobalSection(SolutionProperties) = preSolution
		HideSolutionNode = FALSE
	EndGlobalSection
EndGlobal
